PODS:
  - Flutter (1.0.0)
  - status_bar_control (3.2.0):
    - Flutter

DEPENDENCIES:
  - Flutter (from `Flutter`)
  - status_bar_control (from `.symlinks/plugins/status_bar_control/ios`)

EXTERNAL SOURCES:
  Flutter:
    :path: Flutter
  status_bar_control:
    :path: ".symlinks/plugins/status_bar_control/ios"

SPEC CHECKSUMS:
  Flutter: 50d75fe2f02b26cc09d224853bb45737f8b3214a
  status_bar_control: b06d3c339b14ec8d7677584dce165eafee6445be

PODFILE CHECKSUM: aafe91acc616949ddb318b77800a7f51bffa2a4c

COCOAPODS: 1.11.2
