PODS:
  - Flutter (1.0.0)
  - statusbar_manager (3.2.0):
    - Flutter

DEPENDENCIES:
  - Flutter (from `Flutter`)
  - statusbar_manager (from `.symlinks/plugins/statusbar_manager/ios`)

EXTERNAL SOURCES:
  Flutter:
    :path: Flutter
  statusbar_manager:
    :path: ".symlinks/plugins/statusbar_manager/ios"

SPEC CHECKSUMS:
  Flutter: 50d75fe2f02b26cc09d224853bb45737f8b3214a
  statusbar_manager: a0c420ceb563cd67c42d1de2ff99abc48fc90647

PODFILE CHECKSUM: aafe91acc616949ddb318b77800a7f51bffa2a4c

COCOAPODS: 1.11.2
